// !$*UTF8*$!
{
	archiveVersion = 1;
	classes = {
	};
	objectVersion = 48;
	objects = {

/* Begin PBXBuildFile section */
		503D3BBD1FED3E0F00AD8F4D /* AppDelegate.swift in Sources */ = {isa = PBXBuildFile; fileRef = 503D3BBC1FED3E0F00AD8F4D /* AppDelegate.swift */; };
		503D3BBF1FED3E0F00AD8F4D /* ViewController.swift in Sources */ = {isa = PBXBuildFile; fileRef = 503D3BBE1FED3E0F00AD8F4D /* ViewController.swift */; };
		503D3BC21FED3E0F00AD8F4D /* Main.storyboard in Resources */ = {isa = PBXBuildFile; fileRef = 503D3BC01FED3E0F00AD8F4D /* Main.storyboard */; };
		503D3BC41FED3E0F00AD8F4D /* Assets.xcassets in Resources */ = {isa = PBXBuildFile; fileRef = 503D3BC31FED3E0F00AD8F4D /* Assets.xcassets */; };
		503D3BC71FED3E0F00AD8F4D /* LaunchScreen.storyboard in Resources */ = {isa = PBXBuildFile; fileRef = 503D3BC51FED3E0F00AD8F4D /* LaunchScreen.storyboard */; };
/* End PBXBuildFile section */

/* Begin PBXFileReference section */
		503D3BB91FED3E0F00AD8F4D /* World Tracking.app */ = {isa = PBXFileReference; explicitFileType = wrapper.application; includeInIndex = 0; path = "World Tracking.app"; sourceTree = BUILT_PRODUCTS_DIR; };
		503D3BBC1FED3E0F00AD8F4D /* AppDelegate.swift */ = {isa = PBXFileReference; lastKnownFileType = sourcecode.swift; path = AppDelegate.swift; sourceTree = "<group>"; };
		503D3BBE1FED3E0F00AD8F4D /* ViewController.swift */ = {isa = PBXFileReference; lastKnownFileType = sourcecode.swift; path = ViewController.swift; sourceTree = "<group>"; };
		503D3BC11FED3E0F00AD8F4D /* Base */ = {isa = PBXFileReference; lastKnownFileType = file.storyboard; name = Base; path = Base.lproj/Main.storyboard; sourceTree = "<group>"; };
		503D3BC31FED3E0F00AD8F4D /* Assets.xcassets */ = {isa = PBXFileReference; lastKnownFileType = folder.assetcatalog; path = Assets.xcassets; sourceTree = "<group>"; };
		503D3BC61FED3E0F00AD8F4D /* Base */ = {isa = PBXFileReference; lastKnownFileType = file.storyboard; name = Base; path = Base.lproj/LaunchScreen.storyboard; sourceTree = "<group>"; };
		503D3BC81FED3E0F00AD8F4D /* Info.plist */ = {isa = PBXFileReference; lastKnownFileType = text.plist.xml; path = Info.plist; sourceTree = "<group>"; };
/* End PBXFileReference section */

/* Begin PBXFrameworksBuildPhase section */
		503D3BB61FED3E0F00AD8F4D /* Frameworks */ = {
			isa = PBXFrameworksBuildPhase;
			buildActionMask = 2147483647;
			files = (
			);
			runOnlyForDeploymentPostprocessing = 0;
		};
/* End PBXFrameworksBuildPhase section */

/* Begin PBXGroup section */
		503D3BB01FED3E0F00AD8F4D = {
			isa = PBXGroup;
			children = (
				503D3BBB1FED3E0F00AD8F4D /* World Tracking */,
				503D3BBA1FED3E0F00AD8F4D /* Products */,
			);
			sourceTree = "<group>";
		};
		503D3BBA1FED3E0F00AD8F4D /* Products */ = {
			isa = PBXGroup;
			children = (
				503D3BB91FED3E0F00AD8F4D /* World Tracking.app */,
			);
			name = Products;
			sourceTree = "<group>";
		};
		503D3BBB1FED3E0F00AD8F4D /* World Tracking */ = {
			isa = PBXGroup;
			children = (
				503D3BBC1FED3E0F00AD8F4D /* AppDelegate.swift */,
				503D3BBE1FED3E0F00AD8F4D /* ViewController.swift */,
				503D3BC01FED3E0F00AD8F4D /* Main.storyboard */,
				503D3BC31FED3E0F00AD8F4D /* Assets.xcassets */,
				503D3BC51FED3E0F00AD8F4D /* LaunchScreen.storyboard */,
				503D3BC81FED3E0F00AD8F4D /* Info.plist */,
			);
			path = "World Tracking";
			sourceTree = "<group>";
		};
/* End PBXGroup section */

/* Begin PBXNativeTarget section */
		503D3BB81FED3E0F00AD8F4D /* World Tracking */ = {
			isa = PBXNativeTarget;
			buildConfigurationList = 503D3BCB1FED3E0F00AD8F4D /* Build configuration list for PBXNativeTarget "World Tracking" */;
			buildPhases = (
				503D3BB51FED3E0F00AD8F4D /* Sources */,
				503D3BB61FED3E0F00AD8F4D /* Frameworks */,
				503D3BB71FED3E0F00AD8F4D /* Resources */,
			);
			buildRules = (
			);
			dependencies = (
			);
			name = "World Tracking";
			productName = "World Tracking";
			productReference = 503D3BB91FED3E0F00AD8F4D /* World Tracking.app */;
			productType = "com.apple.product-type.application";
		};
/* End PBXNativeTarget section */

/* Begin PBXProject section */
		503D3BB11FED3E0F00AD8F4D /* Project object */ = {
			isa = PBXProject;
			attributes = {
				LastSwiftUpdateCheck = 0920;
				LastUpgradeCheck = 0920;
				ORGANIZATIONNAME = "Christopher Lee";
				TargetAttributes = {
					503D3BB81FED3E0F00AD8F4D = {
						CreatedOnToolsVersion = 9.2;
						ProvisioningStyle = Automatic;
					};
				};
			};
			buildConfigurationList = 503D3BB41FED3E0F00AD8F4D /* Build configuration list for PBXProject "World Tracking" */;
			compatibilityVersion = "Xcode 8.0";
			developmentRegion = en;
			hasScannedForEncodings = 0;
			knownRegions = (
				en,
				Base,
			);
			mainGroup = 503D3BB01FED3E0F00AD8F4D;
			productRefGroup = 503D3BBA1FED3E0F00AD8F4D /* Products */;
			projectDirPath = "";
			projectRoot = "";
			targets = (
				503D3BB81FED3E0F00AD8F4D /* World Tracking */,
			);
		};
/* End PBXProject section */

/* Begin PBXResourcesBuildPhase section */
		503D3BB71FED3E0F00AD8F4D /* Resources */ = {
			isa = PBXResourcesBuildPhase;
			buildActionMask = 2147483647;
			files = (
				503D3BC71FED3E0F00AD8F4D /* LaunchScreen.storyboard in Resources */,
				503D3BC41FED3E0F00AD8F4D /* Assets.xcassets in Resources */,
				503D3BC21FED3E0F00AD8F4D /* Main.storyboard in Resources */,
			);
			runOnlyForDeploymentPostprocessing = 0;
		};
/* End PBXResourcesBuildPhase section */

/* Begin PBXSourcesBuildPhase section */
		503D3BB51FED3E0F00AD8F4D /* Sources */ = {
			isa = PBXSourcesBuildPhase;
			buildActionMask = 2147483647;
			files = (
				503D3BBF1FED3E0F00AD8F4D /* ViewController.swift in Sources */,
				503D3BBD1FED3E0F00AD8F4D /* AppDelegate.swift in Sources */,
			);
			runOnlyForDeploymentPostprocessing = 0;
		};
/* End PBXSourcesBuildPhase section */

/* Begin PBXVariantGroup section */
		503D3BC01FED3E0F00AD8F4D /* Main.storyboard */ = {
			isa = PBXVariantGroup;
			children = (
				503D3BC11FED3E0F00AD8F4D /* Base */,
			);
			name = Main.storyboard;
			sourceTree = "<group>";
		};
		503D3BC51FED3E0F00AD8F4D /* LaunchScreen.storyboard */ = {
			isa = PBXVariantGroup;
			children = (
				503D3BC61FED3E0F00AD8F4D /* Base */,
			);
			name = LaunchScreen.storyboard;
			sourceTree = "<group>";
		};
/* End PBXVariantGroup section */

/* Begin XCBuildConfiguration section */
		503D3BC91FED3E0F00AD8F4D /* Debug */ = {
			isa = XCBuildConfiguration;
			buildSettings = {
				ALWAYS_SEARCH_USER_PATHS = NO;
				CLANG_ANALYZER_NONNULL = YES;
				CLANG_ANALYZER_NUMBER_OBJECT_CONVERSION = YES_AGGRESSIVE;
				CLANG_CXX_LANGUAGE_STANDARD = "gnu++14";
				CLANG_CXX_LIBRARY = "libc++";
				CLANG_ENABLE_MODULES = YES;
				CLANG_ENABLE_OBJC_ARC = YES;
				CLANG_WARN_BLOCK_CAPTURE_AUTORELEASING = YES;
				CLANG_WARN_BOOL_CONVERSION = YES;
				CLANG_WARN_COMMA = YES;
				CLANG_WARN_CONSTANT_CONVERSION = YES;
				CLANG_WARN_DIRECT_OBJC_ISA_USAGE = YES_ERROR;
				CLANG_WARN_DOCUMENTATION_COMMENTS = YES;
				CLANG_WARN_EMPTY_BODY = YES;
				CLANG_WARN_ENUM_CONVERSION = YES;
				CLANG_WARN_INFINITE_RECURSION = YES;
				CLANG_WARN_INT_CONVERSION = YES;
				CLANG_WARN_NON_LITERAL_NULL_CONVERSION = YES;
				CLANG_WARN_OBJC_LITERAL_CONVERSION = YES;
				CLANG_WARN_OBJC_ROOT_CLASS = YES_ERROR;
				CLANG_WARN_RANGE_LOOP_ANALYSIS = YES;
				CLANG_WARN_STRICT_PROTOTYPES = YES;
				CLANG_WARN_SUSPICIOUS_MOVE = YES;
				CLANG_WARN_UNGUARDED_AVAILABILITY = YES_AGGRESSIVE;
				CLANG_WARN_UNREACHABLE_CODE = YES;
				CLANG_WARN__DUPLICATE_METHOD_MATCH = YES;
				CODE_SIGN_IDENTITY = "iPhone Developer";
				COPY_PHASE_STRIP = NO;
				DEBUG_INFORMATION_FORMAT = dwarf;
				ENABLE_STRICT_OBJC_MSGSEND = YES;
				ENABLE_TESTABILITY = YES;
				GCC_C_LANGUAGE_STANDARD = gnu11;
				GCC_DYNAMIC_NO_PIC = NO;
				GCC_NO_COMMON_BLOCKS = YES;
				GCC_OPTIMIZATION_LEVEL = 0;
				GCC_PREPROCESSOR_DEFINITIONS = (
					"DEBUG=1",
					"$(inherited)",
				);
				GCC_WARN_64_TO_32_BIT_CONVERSION = YES;
				GCC_WARN_ABOUT_RETURN_TYPE = YES_ERROR;
				GCC_WARN_UNDECLARED_SELECTOR = YES;
				GCC_WARN_UNINITIALIZED_AUTOS = YES_AGGRESSIVE;
				GCC_WARN_UNUSED_FUNCTION = YES;
				GCC_WARN_UNUSED_VARIABLE = YES;
				IPHONEOS_DEPLOYMENT_TARGET = 11.2;
				MTL_ENABLE_DEBUG_INFO = YES;
				ONLY_ACTIVE_ARCH = YES;
				SDKROOT = iphoneos;
				SWIFT_ACTIVE_COMPILATION_CONDITIONS = DEBUG;
				SWIFT_OPTIMIZATION_LEVEL = "-Onone";
			};
			name = Debug;
		};
		503D3BCA1FED3E0F00AD8F4D /* Release */ = {
			isa = XCBuildConfiguration;
			buildSettings = {
				ALWAYS_SEARCH_USER_PATHS = NO;
				CLANG_ANALYZER_NONNULL = YES;
				CLANG_ANALYZER_NUMBER_OBJECT_CONVERSION = YES_AGGRESSIVE;
				CLANG_CXX_LANGUAGE_STANDARD = "gnu++14";
				CLANG_CXX_LIBRARY = "libc++";
				CLANG_ENABLE_MODULES = YES;
				CLANG_ENABLE_OBJC_ARC = YES;
				CLANG_WARN_BLOCK_CAPTURE_AUTORELEASING = YES;
				CLANG_WARN_BOOL_CONVERSION = YES;
				CLANG_WARN_COMMA = YES;
				CLANG_WARN_CONSTANT_CONVERSION = YES;
				CLANG_WARN_DIRECT_OBJC_ISA_USAGE = YES_ERROR;
				CLANG_WARN_DOCUMENTATION_COMMENTS = YES;
				CLANG_WARN_EMPTY_BODY = YES;
				CLANG_WARN_ENUM_CONVERSION = YES;
				CLANG_WARN_INFINITE_RECURSION = YES;
				CLANG_WARN_INT_CONVERSION = YES;
				CLANG_WARN_NON_LITERAL_NULL_CONVERSION = YES;
				CLANG_WARN_OBJC_LITERAL_CONVERSION = YES;
				CLANG_WARN_OBJC_ROOT_CLASS = YES_ERROR;
				CLANG_WARN_RANGE_LOOP_ANALYSIS = YES;
				CLANG_WARN_STRICT_PROTOTYPES = YES;
				CLANG_WARN_SUSPICIOUS_MOVE = YES;
				CLANG_WARN_UNGUARDED_AVAILABILITY = YES_AGGRESSIVE;
				CLANG_WARN_UNREACHABLE_CODE = YES;
				CLANG_WARN__DUPLICATE_METHOD_MATCH = YES;
				CODE_SIGN_IDENTITY = "iPhone Developer";
				COPY_PHASE_STRIP = NO;
				DEBUG_INFORMATION_FORMAT = "dwarf-with-dsym";
				ENABLE_NS_ASSERTIONS = NO;
				ENABLE_STRICT_OBJC_MSGSEND = YES;
				GCC_C_LANGUAGE_STANDARD = gnu11;
				GCC_NO_COMMON_BLOCKS = YES;
				GCC_WARN_64_TO_32_BIT_CONVERSION = YES;
				GCC_WARN_ABOUT_RETURN_TYPE = YES_ERROR;
				GCC_WARN_UNDECLARED_SELECTOR = YES;
				GCC_WARN_UNINITIALIZED_AUTOS = YES_AGGRESSIVE;
				GCC_WARN_UNUSED_FUNCTION = YES;
				GCC_WARN_UNUSED_VARIABLE = YES;
				IPHONEOS_DEPLOYMENT_TARGET = 11.2;
				MTL_ENABLE_DEBUG_INFO = NO;
				SDKROOT = iphoneos;
				SWIFT_OPTIMIZATION_LEVEL = "-Owholemodule";
				VALIDATE_PRODUCT = YES;
			};
			name = Release;
		};
		503D3BCC1FED3E0F00AD8F4D /* Debug */ = {
			isa = XCBuildConfiguration;
			buildSettings = {
				ASSETCATALOG_COMPILER_APPICON_NAME = AppIcon;
				CODE_SIGN_STYLE = Automatic;
				DEVELOPMENT_TEAM = TCJZB3N6X7;
				INFOPLIST_FILE = "World Tracking/Info.plist";
				LD_RUNPATH_SEARCH_PATHS = "$(inherited) @executable_path/Frameworks";
				PRODUCT_BUNDLE_IDENTIFIER = "io.hanernlee.World-Tracking";
				PRODUCT_NAME = "$(TARGET_NAME)";
				SWIFT_VERSION = 4.0;
				TARGETED_DEVICE_FAMILY = "1,2";
			};
			name = Debug;
		};
		503D3BCD1FED3E0F00AD8F4D /* Release */ = {
			isa = XCBuildConfiguration;
			buildSettings = {
				ASSETCATALOG_COMPILER_APPICON_NAME = AppIcon;
				CODE_SIGN_STYLE = Automatic;
				DEVELOPMENT_TEAM = TCJZB3N6X7;
				INFOPLIST_FILE = "World Tracking/Info.plist";
				LD_RUNPATH_SEARCH_PATHS = "$(inherited) @executable_path/Frameworks";
				PRODUCT_BUNDLE_IDENTIFIER = "io.hanernlee.World-Tracking";
				PRODUCT_NAME = "$(TARGET_NAME)";
				SWIFT_VERSION = 4.0;
				TARGETED_DEVICE_FAMILY = "1,2";
			};
			name = Release;
		};
/* End XCBuildConfiguration section */

/* Begin XCConfigurationList section */
		503D3BB41FED3E0F00AD8F4D /* Build configuration list for PBXProject "World Tracking" */ = {
			isa = XCConfigurationList;
			buildConfigurations = (
				503D3BC91FED3E0F00AD8F4D /* Debug */,
				503D3BCA1FED3E0F00AD8F4D /* Release */,
			);
			defaultConfigurationIsVisible = 0;
			defaultConfigurationName = Release;
		};
		503D3BCB1FED3E0F00AD8F4D /* Build configuration list for PBXNativeTarget "World Tracking" */ = {
			isa = XCConfigurationList;
			buildConfigurations = (
				503D3BCC1FED3E0F00AD8F4D /* Debug */,
				503D3BCD1FED3E0F00AD8F4D /* Release */,
			);
			defaultConfigurationIsVisible = 0;
			defaultConfigurationName = Release;
		};
/* End XCConfigurationList section */
	};
	rootObject = 503D3BB11FED3E0F00AD8F4D /* Project object */;
}
